
Microsoft Visual Studio Solution File, Format Version 12.00
# Visual Studio 15
VisualStudioVersion = 15.0.28010.2041
MinimumVisualStudioVersion = 10.0.40219.1
Project("{9A19103F-16F7-4668-BE54-9A1E7A4F7556}") = "KLogNLight", "KLogNLight\KLogNLight.csproj", "{83CF3C29-DB0E-40EC-BA6C-21A90B5B74A5}"
EndProject
Project("{FAE04EC0-301F-11D3-BF4B-00C04F79EFBC}") = "TEST_KLogNLight", "TEST_KLogNLight\TEST_KLogNLight.csproj", "{5802B8EE-9D98-459A-B439-B697CF9ECBAD}"
EndProject
Global
	GlobalSection(SolutionConfigurationPlatforms) = preSolution
		Debug|Any CPU = Debug|Any CPU
		Release|Any CPU = Release|Any CPU
	EndGlobalSection
	GlobalSection(ProjectConfigurationPlatforms) = postSolution
		{83CF3C29-DB0E-40EC-BA6C-21A90B5B74A5}.Debug|Any CPU.ActiveCfg = Debug|Any CPU
		{83CF3C29-DB0E-40EC-BA6C-21A90B5B74A5}.Debug|Any CPU.Build.0 = Debug|Any CPU
		{83CF3C29-DB0E-40EC-BA6C-21A90B5B74A5}.Release|Any CPU.ActiveCfg = Release|Any CPU
		{83CF3C29-DB0E-40EC-BA6C-21A90B5B74A5}.Release|Any CPU.Build.0 = Release|Any CPU
		{5802B8EE-9D98-459A-B439-B697CF9ECBAD}.Debug|Any CPU.ActiveCfg = Debug|Any CPU
		{5802B8EE-9D98-459A-B439-B697CF9ECBAD}.Debug|Any CPU.Build.0 = Debug|Any CPU
		{5802B8EE-9D98-459A-B439-B697CF9ECBAD}.Release|Any CPU.ActiveCfg = Release|Any CPU
		{5802B8EE-9D98-459A-B439-B697CF9ECBAD}.Release|Any CPU.Build.0 = Release|Any CPU
	EndGlobalSection
	GlobalSection(SolutionProperties) = preSolution
		HideSolutionNode = FALSE
	EndGlobalSection
	GlobalSection(ExtensibilityGlobals) = postSolution
		SolutionGuid = {240032F7-404E-4A1A-B800-CD8F51BD1B92}
	EndGlobalSection
EndGlobal
